
Microsoft Visual Studio Solution File, Format Version 12.00
Project("{FAE04EC0-301F-11D3-BF4B-00C04F79EFBC}") = "ConsoleApp1", "ConsoleApp1\ConsoleApp1.csproj", "{D845220A-5951-4792-AC2B-CE7748EBF64C}"
EndProject
Project("{FAE04EC0-301F-11D3-BF4B-00C04F79EFBC}") = "Butcher", "Butcher\Butcher.csproj", "{2B4B87A4-72AB-4F12-B447-2BC15C8625A4}"
EndProject
Project("{FAE04EC0-301F-11D3-BF4B-00C04F79EFBC}") = "Inquisitor", "Inquisitor\Inquisitor.csproj", "{1EE31FD1-B729-4498-8D35-5C553A676B16}"
EndProject
Project("{2150E333-8FDC-42A3-9474-1A3956D46DE8}") = "Services", "Services", "{213D158E-1F73-494F-8352-0265B0AA8DCC}"
EndProject
Project("{2150E333-8FDC-42A3-9474-1A3956D46DE8}") = "Test", "Test", "{38AA097A-9E58-4048-965E-453A5C912517}"
EndProject
Project("{FAE04EC0-301F-11D3-BF4B-00C04F79EFBC}") = "Informer", "Informer\Informer.csproj", "{18F6DEB9-E1B6-4FD1-8220-02F01F8A39A7}"
EndProject
Project("{2150E333-8FDC-42A3-9474-1A3956D46DE8}") = "Сore", "Сore", "{E3CB1A14-993B-4190-BFE8-8208B6DE9DAA}"
EndProject
Project("{FAE04EC0-301F-11D3-BF4B-00C04F79EFBC}") = "ExtremistDetector.Contracts", "ExtremistDetector.Contracts\ExtremistDetector.Contracts.csproj", "{3A1C39F5-1023-41A4-90C5-00C6FEF24E17}"
EndProject
Project("{FAE04EC0-301F-11D3-BF4B-00C04F79EFBC}") = "ExtremistDetector.Infrastructure", "ExtremistDetector.Infrastructure\ExtremistDetector.Infrastructure.csproj", "{6DC26560-8C00-4644-B58B-5957F3EB471F}"
EndProject
Project("{FAE04EC0-301F-11D3-BF4B-00C04F79EFBC}") = "SamplesGenerator", "SamplesGenerator\SamplesGenerator.csproj", "{1518DAC9-EFA5-411A-94E4-DF01F3A82230}"
EndProject
Global
	GlobalSection(SolutionConfigurationPlatforms) = preSolution
		Debug|Any CPU = Debug|Any CPU
		Release|Any CPU = Release|Any CPU
	EndGlobalSection
	GlobalSection(ProjectConfigurationPlatforms) = postSolution
		{D845220A-5951-4792-AC2B-CE7748EBF64C}.Debug|Any CPU.ActiveCfg = Debug|Any CPU
		{D845220A-5951-4792-AC2B-CE7748EBF64C}.Debug|Any CPU.Build.0 = Debug|Any CPU
		{D845220A-5951-4792-AC2B-CE7748EBF64C}.Release|Any CPU.ActiveCfg = Release|Any CPU
		{D845220A-5951-4792-AC2B-CE7748EBF64C}.Release|Any CPU.Build.0 = Release|Any CPU
		{2B4B87A4-72AB-4F12-B447-2BC15C8625A4}.Debug|Any CPU.ActiveCfg = Debug|Any CPU
		{2B4B87A4-72AB-4F12-B447-2BC15C8625A4}.Debug|Any CPU.Build.0 = Debug|Any CPU
		{2B4B87A4-72AB-4F12-B447-2BC15C8625A4}.Release|Any CPU.ActiveCfg = Release|Any CPU
		{2B4B87A4-72AB-4F12-B447-2BC15C8625A4}.Release|Any CPU.Build.0 = Release|Any CPU
		{1EE31FD1-B729-4498-8D35-5C553A676B16}.Debug|Any CPU.ActiveCfg = Debug|Any CPU
		{1EE31FD1-B729-4498-8D35-5C553A676B16}.Debug|Any CPU.Build.0 = Debug|Any CPU
		{1EE31FD1-B729-4498-8D35-5C553A676B16}.Release|Any CPU.ActiveCfg = Release|Any CPU
		{1EE31FD1-B729-4498-8D35-5C553A676B16}.Release|Any CPU.Build.0 = Release|Any CPU
		{18F6DEB9-E1B6-4FD1-8220-02F01F8A39A7}.Debug|Any CPU.ActiveCfg = Debug|Any CPU
		{18F6DEB9-E1B6-4FD1-8220-02F01F8A39A7}.Debug|Any CPU.Build.0 = Debug|Any CPU
		{18F6DEB9-E1B6-4FD1-8220-02F01F8A39A7}.Release|Any CPU.ActiveCfg = Release|Any CPU
		{18F6DEB9-E1B6-4FD1-8220-02F01F8A39A7}.Release|Any CPU.Build.0 = Release|Any CPU
		{3A1C39F5-1023-41A4-90C5-00C6FEF24E17}.Debug|Any CPU.ActiveCfg = Debug|Any CPU
		{3A1C39F5-1023-41A4-90C5-00C6FEF24E17}.Debug|Any CPU.Build.0 = Debug|Any CPU
		{3A1C39F5-1023-41A4-90C5-00C6FEF24E17}.Release|Any CPU.ActiveCfg = Release|Any CPU
		{3A1C39F5-1023-41A4-90C5-00C6FEF24E17}.Release|Any CPU.Build.0 = Release|Any CPU
		{6DC26560-8C00-4644-B58B-5957F3EB471F}.Debug|Any CPU.ActiveCfg = Debug|Any CPU
		{6DC26560-8C00-4644-B58B-5957F3EB471F}.Debug|Any CPU.Build.0 = Debug|Any CPU
		{6DC26560-8C00-4644-B58B-5957F3EB471F}.Release|Any CPU.ActiveCfg = Release|Any CPU
		{6DC26560-8C00-4644-B58B-5957F3EB471F}.Release|Any CPU.Build.0 = Release|Any CPU
		{1518DAC9-EFA5-411A-94E4-DF01F3A82230}.Debug|Any CPU.ActiveCfg = Debug|Any CPU
		{1518DAC9-EFA5-411A-94E4-DF01F3A82230}.Debug|Any CPU.Build.0 = Debug|Any CPU
		{1518DAC9-EFA5-411A-94E4-DF01F3A82230}.Release|Any CPU.ActiveCfg = Release|Any CPU
		{1518DAC9-EFA5-411A-94E4-DF01F3A82230}.Release|Any CPU.Build.0 = Release|Any CPU
	EndGlobalSection
	GlobalSection(NestedProjects) = preSolution
		{2B4B87A4-72AB-4F12-B447-2BC15C8625A4} = {213D158E-1F73-494F-8352-0265B0AA8DCC}
		{1EE31FD1-B729-4498-8D35-5C553A676B16} = {213D158E-1F73-494F-8352-0265B0AA8DCC}
		{D845220A-5951-4792-AC2B-CE7748EBF64C} = {38AA097A-9E58-4048-965E-453A5C912517}
		{18F6DEB9-E1B6-4FD1-8220-02F01F8A39A7} = {213D158E-1F73-494F-8352-0265B0AA8DCC}
		{3A1C39F5-1023-41A4-90C5-00C6FEF24E17} = {E3CB1A14-993B-4190-BFE8-8208B6DE9DAA}
		{6DC26560-8C00-4644-B58B-5957F3EB471F} = {E3CB1A14-993B-4190-BFE8-8208B6DE9DAA}
		{1518DAC9-EFA5-411A-94E4-DF01F3A82230} = {38AA097A-9E58-4048-965E-453A5C912517}
	EndGlobalSection
EndGlobal
